{
  "version": "4",
  "redirects": {
    "https://esm.sh/@pdf-lib/standard-fonts@^1.0.0?target=denonext": "https://esm.sh/@pdf-lib/standard-fonts@1.0.0?target=denonext",
    "https://esm.sh/@pdf-lib/upng@^1.0.1?target=denonext": "https://esm.sh/@pdf-lib/upng@1.0.1?target=denonext",
    "https://esm.sh/pako@^1.0.10?target=denonext": "https://esm.sh/pako@1.0.11?target=denonext",
    "https://esm.sh/pako@^1.0.11?target=denonext": "https://esm.sh/pako@1.0.11?target=denonext",
    "https://esm.sh/pako@^1.0.6?target=denonext": "https://esm.sh/pako@1.0.11?target=denonext",
    "https://esm.sh/tslib@^1.11.1?target=denonext": "https://esm.sh/tslib@1.14.1?target=denonext"
  },
  "remote": {
    "https://esm.sh/@pdf-lib/standard-fonts@1.0.0/denonext/standard-fonts.mjs": "708d496da295d425f227de54b24c0da9be34cd33f5635d9bdd355dc549b49988",
    "https://esm.sh/@pdf-lib/standard-fonts@1.0.0?target=denonext": "6831e71a173d549ea549bc8ca62160b5309cb77c41a4a34b04bc679c9bb390bf",
    "https://esm.sh/@pdf-lib/upng@1.0.1/denonext/upng.mjs": "725dab6b2d126a6cb418f24ed9bd0aa9400949cbbbe8dcb975241236fdfa2d0d",
    "https://esm.sh/@pdf-lib/upng@1.0.1?target=denonext": "0aa62a3f01d37283242d27853ae61c7e3b8e4504a80bf2f7e748efc43fb06b19",
    "https://esm.sh/pako@1.0.11/denonext/pako.mjs": "c74e4cf6d33272fd034f6b17390a1bf1122d8bb28f861b6e82d9a1536b3f3105",
    "https://esm.sh/pako@1.0.11?target=denonext": "bc43f66ed245d58d468bf9867b3e9080c5b0590b4c14038ea308954490e0b2ea",
    "https://esm.sh/pdf-lib@1.17.1/denonext/es/core/annotation.mjs": "9fea26c9d06ec825c6bde7f498361fa4cf91cfa7f6c67c362c96edb812fe4619",
    "https://esm.sh/pdf-lib@1.17.1/denonext/es/utils.mjs": "cf96c5836fdd5f60eeccd53603c87b52c43c11c8b99e85f79f586be58a59f4d1",
    "https://esm.sh/pdf-lib@1.17.1/denonext/es/utils/index.mjs": "34773d399ffdacd2972f527377d293aa3bff9d3a0d31d48d956a00c9c0c32329",
    "https://esm.sh/pdf-lib@1.17.1/denonext/pdf-lib.mjs": "258fc552969ba209de12f100d170c66d1e23b88cf04d7de3cd0eaad1b212ad78",
    "https://esm.sh/pdf-lib@1.17.1?dts": "cf7c5527829cb9bbb3aa20d339c530067441c10eb98880360aea9e77c3c87ff8",
    "https://esm.sh/tslib@1.14.1/denonext/tslib.mjs": "748739307d67fbaa8ae634eed70715714dd1f54f04fe8635bcb7f72cb0aaed62",
    "https://esm.sh/tslib@1.14.1?target=denonext": "2982231d9e09e6f007540c7a24c12a7cccb0e84ca98df2ad86ff2bdca1c0fa35"
  },
  "workspace": {
    "packageJson": {
      "dependencies": [
        "npm:bwip-js@2"
      ]
    }
  }
}
