{
  "name": "voting_app_dm_generator",
  "lockfileVersion": 3,
  "requires": true,
  "packages": {
    "": {
      "dependencies": {
        "bwip-js": "^2.0.0"
      }
    },
    "node_modules/bwip-js": {
      "version": "2.0.0",
      "resolved": "https://registry.npmjs.org/bwip-js/-/bwip-js-2.0.0.tgz",
      "integrity": "sha512-UCjPFzZwBnw+XCZw3gh3Jpm6nKDEa5ujCuLF9aXb9E5rFyZB4l6EPyBxMT2nagD2WB9o3Rt7A+wPSgMSx38j1Q==",
      "bin": {
        "bwip-js": "bin/bwip-js.js"
      }
    }
  }
}
